
Microsoft Visual Studio Solution File, Format Version 12.00
# Visual Studio Version 16
VisualStudioVersion = 25.0.1700.1
MinimumVisualStudioVersion = 10.0.40219.1
Project("{FAE04EC0-301F-11D3-BF4B-00C04F79EFBC}") = "LibraryTerminal", "LibraryTerminal\LibraryTerminal.csproj", "{DA32A752-A9B2-42DF-B42E-1629E1A1AC19}"
EndProject
Global
	GlobalSection(SolutionConfigurationPlatforms) = preSolution
		Debug|Any CPU = Debug|Any CPU
		Release|Any CPU = Release|Any CPU
	EndGlobalSection
	GlobalSection(ProjectConfigurationPlatforms) = postSolution
		{DA32A752-A9B2-42DF-B42E-1629E1A1AC19}.Debug|Any CPU.ActiveCfg = Debug|Any CPU
		{DA32A752-A9B2-42DF-B42E-1629E1A1AC19}.Debug|Any CPU.Build.0 = Debug|Any CPU
		{DA32A752-A9B2-42DF-B42E-1629E1A1AC19}.Release|Any CPU.ActiveCfg = Release|Any CPU
		{DA32A752-A9B2-42DF-B42E-1629E1A1AC19}.Release|Any CPU.Build.0 = Release|Any CPU
	EndGlobalSection
	GlobalSection(SolutionProperties) = preSolution
		HideSolutionNode = FALSE
	EndGlobalSection
	GlobalSection(ExtensibilityGlobals) = postSolution
		SolutionGuid = {41394B3A-29D4-4D13-8DFF-B205EE55287C}
	EndGlobalSection
EndGlobal
